{
  "name": "pipe",
  "version": "1.0.0",
  "lockfileVersion": 3,
  "requires": true,
  "packages": {
    "": {
      "name": "pipe",
      "version": "1.0.0",
      "license": "ISC",
      "devDependencies": {
        "array-reduce": "github:lovedder1995/array-reduce#1.0.0",
        "php-bundler": "github:lovedder1995/php-bundler#2.0.3"
      }
    },
    "node_modules/array-reduce": {
      "version": "1.0.0",
      "resolved": "git+ssh://git@github.com/lovedder1995/array-reduce.git#184f56e52d4f83596babe6b8079a3cb9a1766242",
      "dev": true,
      "license": "ISC"
    },
    "node_modules/php-bundler": {
      "version": "2.0.3",
      "resolved": "git+ssh://git@github.com/lovedder1995/php-bundler.git#e0287e8632cdc9dd1ee6e85cf60dc711712237c5",
      "dev": true,
      "license": "ISC"
    }
  }
}
